
Microsoft Visual Studio Solution File, Format Version 12.00
# Visual Studio 15
VisualStudioVersion = 15.0.28307.757
MinimumVisualStudioVersion = 10.0.40219.1
Project("{8BC9CEB8-8B4A-11D0-8D11-00A0C91BC942}") = "HttpAutoIndexServer", "HttpAutoIndexServer\HttpAutoIndexServer.vcxproj", "{1462FD36-8CD3-458F-849B-DEA0880C0C6C}"
EndProject
Global
	GlobalSection(SolutionConfigurationPlatforms) = preSolution
		Debug|x64 = Debug|x64
		Debug|x86 = Debug|x86
		Release|x64 = Release|x64
		Release|x86 = Release|x86
	EndGlobalSection
	GlobalSection(ProjectConfigurationPlatforms) = postSolution
		{1462FD36-8CD3-458F-849B-DEA0880C0C6C}.Debug|x64.ActiveCfg = Debug|x64
		{1462FD36-8CD3-458F-849B-DEA0880C0C6C}.Debug|x64.Build.0 = Debug|x64
		{1462FD36-8CD3-458F-849B-DEA0880C0C6C}.Debug|x86.ActiveCfg = Debug|Win32
		{1462FD36-8CD3-458F-849B-DEA0880C0C6C}.Debug|x86.Build.0 = Debug|Win32
		{1462FD36-8CD3-458F-849B-DEA0880C0C6C}.Release|x64.ActiveCfg = Release|x64
		{1462FD36-8CD3-458F-849B-DEA0880C0C6C}.Release|x64.Build.0 = Release|x64
		{1462FD36-8CD3-458F-849B-DEA0880C0C6C}.Release|x86.ActiveCfg = Release|Win32
		{1462FD36-8CD3-458F-849B-DEA0880C0C6C}.Release|x86.Build.0 = Release|Win32
	EndGlobalSection
	GlobalSection(SolutionProperties) = preSolution
		HideSolutionNode = FALSE
	EndGlobalSection
	GlobalSection(ExtensibilityGlobals) = postSolution
		SolutionGuid = {DEE30E59-8849-4640-8E71-8C0C63C6009C}
	EndGlobalSection
EndGlobal
